--- 
dependencies: 
  faker: 
    group: 
    - :development
    version: ">= 0.3.1"
  mongrel: 
    group: 
    - :development
    version: ">= 0"
  rails: 
    group: 
    - :default
    version: = 2.3.8
  mysql: 
    group: 
    - :default
    version: = 2.8.1
  haml: 
    group: 
    - :default
    version: = 3.0.12
  resque: 
    group: 
    - :default
    version: = 1.9.5
  postmark-rails: 
    group: 
    - :default
    version: ">= 0"
  wirble: 
    group: 
    - :development
    version: ">= 0"
  rspec-rails: 
    group: 
    - :test
    version: = 1.3.2
  devise: 
    group: 
    - :default
    version: = 1.0.4
  googlecharts: 
    group: 
    - :default
    version: = 1.6.0
  settingslogic: 
    group: 
    - :default
    version: = 2.0.6
  bundler: 
    group: 
    - :default
    version: ">= 0"
  remarkable_rails: 
    group: 
    - :test
    version: = 3.1.13
  warden: 
    group: 
    - :default
    version: = 0.9.6
  recaptcha: 
    group: 
    - :default
    version: = 0.2.3
    require: 
    - recaptcha/rails
  capistrano: 
    group: 
    - :development
    version: ">= 0"
specs: 
- rake: 
    version: 0.8.7
- activesupport: 
    version: 2.3.8
- rack: 
    version: 1.1.0
- actionpack: 
    version: 2.3.8
- actionmailer: 
    version: 2.3.8
- activerecord: 
    version: 2.3.8
- activeresource: 
    version: 2.3.8
- bundler: 
    version: 0.9.26
- highline: 
    version: 1.5.2
- net-ssh: 
    version: 2.0.23
- net-scp: 
    version: 1.0.2
- net-sftp: 
    version: 2.0.4
- net-ssh-gateway: 
    version: 1.0.1
- capistrano: 
    version: 2.5.18
- cgi_multipart_eof_fix: 
    version: 2.5.0
- daemons: 
    version: 1.0.10
- warden: 
    version: 0.9.6
- devise: 
    version: 1.0.4
- faker: 
    version: 0.3.1
- fastthread: 
    version: 1.0.7
- gem_plugin: 
    version: 0.2.3
- googlecharts: 
    version: 1.6.0
- haml: 
    version: 3.0.12
- json: 
    version: 1.4.3
- mongrel: 
    version: 1.1.5
- mysql: 
    version: 2.8.1
- tmail: 
    version: 1.2.7.1
- postmark: 
    version: 0.7.1
- postmark-rails: 
    version: 0.2.0
- rails: 
    version: 2.3.8
- recaptcha: 
    version: 0.2.3
- redis: 
    version: 2.0.1
- redis-namespace: 
    version: 0.5.1
- rspec: 
    version: 1.3.0
- remarkable: 
    version: 3.1.13
- remarkable_activerecord: 
    version: 3.1.13
- rspec-rails: 
    version: 1.3.2
- remarkable_rails: 
    version: 3.1.13
- sinatra: 
    version: "1.0"
- vegas: 
    version: 0.1.7
- resque: 
    version: 1.9.5
- settingslogic: 
    version: 2.0.6
- wirble: 
    version: 0.1.3
hash: ba2cf379cfc56d5703492293df761fb2e622899e
sources: 
- Rubygems: 
    uri: http://rubygems.org
